// !$*UTF8*$!
{
	archiveVersion = 1;
	classes = {
	};
	objectVersion = 50;
	objects = {

/* Begin PBXBuildFile section */
		7E26E3FB26C248FC001F93BF /* LocalDNSServerApp.swift in Sources */ = {isa = PBXBuildFile; fileRef = 7E26E3FA26C248FC001F93BF /* LocalDNSServerApp.swift */; };
		7E26E3FD26C248FC001F93BF /* ContentView.swift in Sources */ = {isa = PBXBuildFile; fileRef = 7E26E3FC26C248FC001F93BF /* ContentView.swift */; };
		7E26E3FF26C248FE001F93BF /* Assets.xcassets in Resources */ = {isa = PBXBuildFile; fileRef = 7E26E3FE26C248FE001F93BF /* Assets.xcassets */; };
		7E26E40226C248FE001F93BF /* Preview Assets.xcassets in Resources */ = {isa = PBXBuildFile; fileRef = 7E26E40126C248FE001F93BF /* Preview Assets.xcassets */; };
		7E26E40E26C27E66001F93BF /* caddy in Resources */ = {isa = PBXBuildFile; fileRef = 7E26E40C26C27E66001F93BF /* caddy */; };
		7E26E40F26C27E66001F93BF /* dnsmasq in Resources */ = {isa = PBXBuildFile; fileRef = 7E26E40D26C27E66001F93BF /* dnsmasq */; };
/* End PBXBuildFile section */

/* Begin PBXFileReference section */
		7E26E3F726C248FC001F93BF /* LocalDNSServer.app */ = {isa = PBXFileReference; explicitFileType = wrapper.application; includeInIndex = 0; path = LocalDNSServer.app; sourceTree = BUILT_PRODUCTS_DIR; };
		7E26E3FA26C248FC001F93BF /* LocalDNSServerApp.swift */ = {isa = PBXFileReference; lastKnownFileType = sourcecode.swift; path = LocalDNSServerApp.swift; sourceTree = "<group>"; };
		7E26E3FC26C248FC001F93BF /* ContentView.swift */ = {isa = PBXFileReference; lastKnownFileType = sourcecode.swift; path = ContentView.swift; sourceTree = "<group>"; };
		7E26E3FE26C248FE001F93BF /* Assets.xcassets */ = {isa = PBXFileReference; lastKnownFileType = folder.assetcatalog; path = Assets.xcassets; sourceTree = "<group>"; };
		7E26E40126C248FE001F93BF /* Preview Assets.xcassets */ = {isa = PBXFileReference; lastKnownFileType = folder.assetcatalog; path = "Preview Assets.xcassets"; sourceTree = "<group>"; };
		7E26E40326C248FE001F93BF /* Info.plist */ = {isa = PBXFileReference; lastKnownFileType = text.plist.xml; path = Info.plist; sourceTree = "<group>"; };
		7E26E40426C248FE001F93BF /* LocalDNSServer.entitlements */ = {isa = PBXFileReference; lastKnownFileType = text.plist.entitlements; path = LocalDNSServer.entitlements; sourceTree = "<group>"; };
		7E26E40A26C24A7F001F93BF /* README.md */ = {isa = PBXFileReference; lastKnownFileType = net.daringfireball.markdown; path = README.md; sourceTree = "<group>"; };
		7E26E40C26C27E66001F93BF /* caddy */ = {isa = PBXFileReference; lastKnownFileType = "compiled.mach-o.executable"; path = caddy; sourceTree = "<group>"; };
		7E26E40D26C27E66001F93BF /* dnsmasq */ = {isa = PBXFileReference; lastKnownFileType = "compiled.mach-o.executable"; path = dnsmasq; sourceTree = "<group>"; };
/* End PBXFileReference section */

/* Begin PBXFrameworksBuildPhase section */
		7E26E3F426C248FC001F93BF /* Frameworks */ = {
			isa = PBXFrameworksBuildPhase;
			buildActionMask = 2147483647;
			files = (
			);
			runOnlyForDeploymentPostprocessing = 0;
		};
/* End PBXFrameworksBuildPhase section */

/* Begin PBXGroup section */
		7E26E3EE26C248FC001F93BF = {
			isa = PBXGroup;
			children = (
				7E26E3F926C248FC001F93BF /* LocalDNSServer */,
				7E26E3F826C248FC001F93BF /* Products */,
			);
			sourceTree = "<group>";
		};
		7E26E3F826C248FC001F93BF /* Products */ = {
			isa = PBXGroup;
			children = (
				7E26E3F726C248FC001F93BF /* LocalDNSServer.app */,
			);
			name = Products;
			sourceTree = "<group>";
		};
		7E26E3F926C248FC001F93BF /* LocalDNSServer */ = {
			isa = PBXGroup;
			children = (
				7E26E3FA26C248FC001F93BF /* LocalDNSServerApp.swift */,
				7E26E3FC26C248FC001F93BF /* ContentView.swift */,
				7E26E3FE26C248FE001F93BF /* Assets.xcassets */,
				7E26E40326C248FE001F93BF /* Info.plist */,
				7E26E40426C248FE001F93BF /* LocalDNSServer.entitlements */,
				7E26E40B26C27E66001F93BF /* tools */,
				7E26E40026C248FE001F93BF /* Preview Content */,
				7E26E40A26C24A7F001F93BF /* README.md */,
			);
			path = LocalDNSServer;
			sourceTree = "<group>";
		};
		7E26E40026C248FE001F93BF /* Preview Content */ = {
			isa = PBXGroup;
			children = (
				7E26E40126C248FE001F93BF /* Preview Assets.xcassets */,
			);
			path = "Preview Content";
			sourceTree = "<group>";
		};
		7E26E40B26C27E66001F93BF /* tools */ = {
			isa = PBXGroup;
			children = (
				7E26E40C26C27E66001F93BF /* caddy */,
				7E26E40D26C27E66001F93BF /* dnsmasq */,
			);
			path = tools;
			sourceTree = "<group>";
		};
/* End PBXGroup section */

/* Begin PBXNativeTarget section */
		7E26E3F626C248FC001F93BF /* LocalDNSServer */ = {
			isa = PBXNativeTarget;
			buildConfigurationList = 7E26E40726C248FE001F93BF /* Build configuration list for PBXNativeTarget "LocalDNSServer" */;
			buildPhases = (
				7E26E3F326C248FC001F93BF /* Sources */,
				7E26E3F426C248FC001F93BF /* Frameworks */,
				7E26E3F526C248FC001F93BF /* Resources */,
			);
			buildRules = (
			);
			dependencies = (
			);
			name = LocalDNSServer;
			productName = LocalDNSServer;
			productReference = 7E26E3F726C248FC001F93BF /* LocalDNSServer.app */;
			productType = "com.apple.product-type.application";
		};
/* End PBXNativeTarget section */

/* Begin PBXProject section */
		7E26E3EF26C248FC001F93BF /* Project object */ = {
			isa = PBXProject;
			attributes = {
				LastSwiftUpdateCheck = 1250;
				LastUpgradeCheck = 1250;
				TargetAttributes = {
					7E26E3F626C248FC001F93BF = {
						CreatedOnToolsVersion = 12.5.1;
					};
				};
			};
			buildConfigurationList = 7E26E3F226C248FC001F93BF /* Build configuration list for PBXProject "LocalDNSServer" */;
			compatibilityVersion = "Xcode 9.3";
			developmentRegion = en;
			hasScannedForEncodings = 0;
			knownRegions = (
				en,
				Base,
			);
			mainGroup = 7E26E3EE26C248FC001F93BF;
			productRefGroup = 7E26E3F826C248FC001F93BF /* Products */;
			projectDirPath = "";
			projectRoot = "";
			targets = (
				7E26E3F626C248FC001F93BF /* LocalDNSServer */,
			);
		};
/* End PBXProject section */

/* Begin PBXResourcesBuildPhase section */
		7E26E3F526C248FC001F93BF /* Resources */ = {
			isa = PBXResourcesBuildPhase;
			buildActionMask = 2147483647;
			files = (
				7E26E40E26C27E66001F93BF /* caddy in Resources */,
				7E26E40226C248FE001F93BF /* Preview Assets.xcassets in Resources */,
				7E26E40F26C27E66001F93BF /* dnsmasq in Resources */,
				7E26E3FF26C248FE001F93BF /* Assets.xcassets in Resources */,
			);
			runOnlyForDeploymentPostprocessing = 0;
		};
/* End PBXResourcesBuildPhase section */

/* Begin PBXSourcesBuildPhase section */
		7E26E3F326C248FC001F93BF /* Sources */ = {
			isa = PBXSourcesBuildPhase;
			buildActionMask = 2147483647;
			files = (
				7E26E3FD26C248FC001F93BF /* ContentView.swift in Sources */,
				7E26E3FB26C248FC001F93BF /* LocalDNSServerApp.swift in Sources */,
			);
			runOnlyForDeploymentPostprocessing = 0;
		};
/* End PBXSourcesBuildPhase section */

/* Begin XCBuildConfiguration section */
		7E26E40526C248FE001F93BF /* Debug */ = {
			isa = XCBuildConfiguration;
			buildSettings = {
				ALWAYS_SEARCH_USER_PATHS = NO;
				CLANG_ANALYZER_NONNULL = YES;
				CLANG_ANALYZER_NUMBER_OBJECT_CONVERSION = YES_AGGRESSIVE;
				CLANG_CXX_LANGUAGE_STANDARD = "gnu++14";
				CLANG_CXX_LIBRARY = "libc++";
				CLANG_ENABLE_MODULES = YES;
				CLANG_ENABLE_OBJC_ARC = YES;
				CLANG_ENABLE_OBJC_WEAK = YES;
				CLANG_WARN_BLOCK_CAPTURE_AUTORELEASING = YES;
				CLANG_WARN_BOOL_CONVERSION = YES;
				CLANG_WARN_COMMA = YES;
				CLANG_WARN_CONSTANT_CONVERSION = YES;
				CLANG_WARN_DEPRECATED_OBJC_IMPLEMENTATIONS = YES;
				CLANG_WARN_DIRECT_OBJC_ISA_USAGE = YES_ERROR;
				CLANG_WARN_DOCUMENTATION_COMMENTS = YES;
				CLANG_WARN_EMPTY_BODY = YES;
				CLANG_WARN_ENUM_CONVERSION = YES;
				CLANG_WARN_INFINITE_RECURSION = YES;
				CLANG_WARN_INT_CONVERSION = YES;
				CLANG_WARN_NON_LITERAL_NULL_CONVERSION = YES;
				CLANG_WARN_OBJC_IMPLICIT_RETAIN_SELF = YES;
				CLANG_WARN_OBJC_LITERAL_CONVERSION = YES;
				CLANG_WARN_OBJC_ROOT_CLASS = YES_ERROR;
				CLANG_WARN_QUOTED_INCLUDE_IN_FRAMEWORK_HEADER = YES;
				CLANG_WARN_RANGE_LOOP_ANALYSIS = YES;
				CLANG_WARN_STRICT_PROTOTYPES = YES;
				CLANG_WARN_SUSPICIOUS_MOVE = YES;
				CLANG_WARN_UNGUARDED_AVAILABILITY = YES_AGGRESSIVE;
				CLANG_WARN_UNREACHABLE_CODE = YES;
				CLANG_WARN__DUPLICATE_METHOD_MATCH = YES;
				COPY_PHASE_STRIP = NO;
				DEBUG_INFORMATION_FORMAT = dwarf;
				ENABLE_STRICT_OBJC_MSGSEND = YES;
				ENABLE_TESTABILITY = YES;
				GCC_C_LANGUAGE_STANDARD = gnu11;
				GCC_DYNAMIC_NO_PIC = NO;
				GCC_NO_COMMON_BLOCKS = YES;
				GCC_OPTIMIZATION_LEVEL = 0;
				GCC_PREPROCESSOR_DEFINITIONS = (
					"DEBUG=1",
					"$(inherited)",
				);
				GCC_WARN_64_TO_32_BIT_CONVERSION = YES;
				GCC_WARN_ABOUT_RETURN_TYPE = YES_ERROR;
				GCC_WARN_UNDECLARED_SELECTOR = YES;
				GCC_WARN_UNINITIALIZED_AUTOS = YES_AGGRESSIVE;
				GCC_WARN_UNUSED_FUNCTION = YES;
				GCC_WARN_UNUSED_VARIABLE = YES;
				MACOSX_DEPLOYMENT_TARGET = 11.3;
				MTL_ENABLE_DEBUG_INFO = INCLUDE_SOURCE;
				MTL_FAST_MATH = YES;
				ONLY_ACTIVE_ARCH = YES;
				SDKROOT = macosx;
				SWIFT_ACTIVE_COMPILATION_CONDITIONS = DEBUG;
				SWIFT_OPTIMIZATION_LEVEL = "-Onone";
			};
			name = Debug;
		};
		7E26E40626C248FE001F93BF /* Release */ = {
			isa = XCBuildConfiguration;
			buildSettings = {
				ALWAYS_SEARCH_USER_PATHS = NO;
				CLANG_ANALYZER_NONNULL = YES;
				CLANG_ANALYZER_NUMBER_OBJECT_CONVERSION = YES_AGGRESSIVE;
				CLANG_CXX_LANGUAGE_STANDARD = "gnu++14";
				CLANG_CXX_LIBRARY = "libc++";
				CLANG_ENABLE_MODULES = YES;
				CLANG_ENABLE_OBJC_ARC = YES;
				CLANG_ENABLE_OBJC_WEAK = YES;
				CLANG_WARN_BLOCK_CAPTURE_AUTORELEASING = YES;
				CLANG_WARN_BOOL_CONVERSION = YES;
				CLANG_WARN_COMMA = YES;
				CLANG_WARN_CONSTANT_CONVERSION = YES;
				CLANG_WARN_DEPRECATED_OBJC_IMPLEMENTATIONS = YES;
				CLANG_WARN_DIRECT_OBJC_ISA_USAGE = YES_ERROR;
				CLANG_WARN_DOCUMENTATION_COMMENTS = YES;
				CLANG_WARN_EMPTY_BODY = YES;
				CLANG_WARN_ENUM_CONVERSION = YES;
				CLANG_WARN_INFINITE_RECURSION = YES;
				CLANG_WARN_INT_CONVERSION = YES;
				CLANG_WARN_NON_LITERAL_NULL_CONVERSION = YES;
				CLANG_WARN_OBJC_IMPLICIT_RETAIN_SELF = YES;
				CLANG_WARN_OBJC_LITERAL_CONVERSION = YES;
				CLANG_WARN_OBJC_ROOT_CLASS = YES_ERROR;
				CLANG_WARN_QUOTED_INCLUDE_IN_FRAMEWORK_HEADER = YES;
				CLANG_WARN_RANGE_LOOP_ANALYSIS = YES;
				CLANG_WARN_STRICT_PROTOTYPES = YES;
				CLANG_WARN_SUSPICIOUS_MOVE = YES;
				CLANG_WARN_UNGUARDED_AVAILABILITY = YES_AGGRESSIVE;
				CLANG_WARN_UNREACHABLE_CODE = YES;
				CLANG_WARN__DUPLICATE_METHOD_MATCH = YES;
				COPY_PHASE_STRIP = NO;
				DEBUG_INFORMATION_FORMAT = "dwarf-with-dsym";
				ENABLE_NS_ASSERTIONS = NO;
				ENABLE_STRICT_OBJC_MSGSEND = YES;
				GCC_C_LANGUAGE_STANDARD = gnu11;
				GCC_NO_COMMON_BLOCKS = YES;
				GCC_WARN_64_TO_32_BIT_CONVERSION = YES;
				GCC_WARN_ABOUT_RETURN_TYPE = YES_ERROR;
				GCC_WARN_UNDECLARED_SELECTOR = YES;
				GCC_WARN_UNINITIALIZED_AUTOS = YES_AGGRESSIVE;
				GCC_WARN_UNUSED_FUNCTION = YES;
				GCC_WARN_UNUSED_VARIABLE = YES;
				MACOSX_DEPLOYMENT_TARGET = 11.3;
				MTL_ENABLE_DEBUG_INFO = NO;
				MTL_FAST_MATH = YES;
				SDKROOT = macosx;
				SWIFT_COMPILATION_MODE = wholemodule;
				SWIFT_OPTIMIZATION_LEVEL = "-O";
			};
			name = Release;
		};
		7E26E40826C248FE001F93BF /* Debug */ = {
			isa = XCBuildConfiguration;
			buildSettings = {
				ASSETCATALOG_COMPILER_APPICON_NAME = AppIcon;
				ASSETCATALOG_COMPILER_GLOBAL_ACCENT_COLOR_NAME = AccentColor;
				CODE_SIGN_ENTITLEMENTS = LocalDNSServer/LocalDNSServer.entitlements;
				CODE_SIGN_IDENTITY = "-";
				CODE_SIGN_STYLE = Automatic;
				COMBINE_HIDPI_IMAGES = YES;
				DEVELOPMENT_ASSET_PATHS = "\"LocalDNSServer/Preview Content\"";
				ENABLE_PREVIEWS = YES;
				INFOPLIST_FILE = LocalDNSServer/Info.plist;
				LD_RUNPATH_SEARCH_PATHS = (
					"$(inherited)",
					"@executable_path/../Frameworks",
				);
				MACOSX_DEPLOYMENT_TARGET = 11.0;
				PRODUCT_BUNDLE_IDENTIFIER = com.relba.LocalDNSServer;
				PRODUCT_NAME = "$(TARGET_NAME)";
				SWIFT_VERSION = 5.0;
			};
			name = Debug;
		};
		7E26E40926C248FE001F93BF /* Release */ = {
			isa = XCBuildConfiguration;
			buildSettings = {
				ASSETCATALOG_COMPILER_APPICON_NAME = AppIcon;
				ASSETCATALOG_COMPILER_GLOBAL_ACCENT_COLOR_NAME = AccentColor;
				CODE_SIGN_ENTITLEMENTS = LocalDNSServer/LocalDNSServer.entitlements;
				CODE_SIGN_IDENTITY = "-";
				CODE_SIGN_STYLE = Automatic;
				COMBINE_HIDPI_IMAGES = YES;
				DEVELOPMENT_ASSET_PATHS = "\"LocalDNSServer/Preview Content\"";
				ENABLE_PREVIEWS = YES;
				INFOPLIST_FILE = LocalDNSServer/Info.plist;
				LD_RUNPATH_SEARCH_PATHS = (
					"$(inherited)",
					"@executable_path/../Frameworks",
				);
				MACOSX_DEPLOYMENT_TARGET = 11.0;
				PRODUCT_BUNDLE_IDENTIFIER = com.relba.LocalDNSServer;
				PRODUCT_NAME = "$(TARGET_NAME)";
				SWIFT_VERSION = 5.0;
			};
			name = Release;
		};
/* End XCBuildConfiguration section */

/* Begin XCConfigurationList section */
		7E26E3F226C248FC001F93BF /* Build configuration list for PBXProject "LocalDNSServer" */ = {
			isa = XCConfigurationList;
			buildConfigurations = (
				7E26E40526C248FE001F93BF /* Debug */,
				7E26E40626C248FE001F93BF /* Release */,
			);
			defaultConfigurationIsVisible = 0;
			defaultConfigurationName = Release;
		};
		7E26E40726C248FE001F93BF /* Build configuration list for PBXNativeTarget "LocalDNSServer" */ = {
			isa = XCConfigurationList;
			buildConfigurations = (
				7E26E40826C248FE001F93BF /* Debug */,
				7E26E40926C248FE001F93BF /* Release */,
			);
			defaultConfigurationIsVisible = 0;
			defaultConfigurationName = Release;
		};
/* End XCConfigurationList section */
	};
	rootObject = 7E26E3EF26C248FC001F93BF /* Project object */;
}
